// !$*UTF8*$!
{
	archiveVersion = 1;
	classes = {
	};
	objectVersion = 50;
	objects = {

/* Begin PBXBuildFile section */
		37064CA2269F128E0091F5F7 /* NewErnaehrungsplanView.swift in Sources */ = {isa = PBXBuildFile; fileRef = 37064CA1269F128E0091F5F7 /* NewErnaehrungsplanView.swift */; };
		37064CA8269F164A0091F5F7 /* LebensmittelHelper.swift in Sources */ = {isa = PBXBuildFile; fileRef = 37064CA7269F164A0091F5F7 /* LebensmittelHelper.swift */; };
		37064CAD269F17B00091F5F7 /* LebensmittelMengeHelper.swift in Sources */ = {isa = PBXBuildFile; fileRef = 37064CAC269F17B00091F5F7 /* LebensmittelMengeHelper.swift */; };
		37064CBF269F26430091F5F7 /* NewErnaehrungsplanMengeView.swift in Sources */ = {isa = PBXBuildFile; fileRef = 37064CBE269F26430091F5F7 /* NewErnaehrungsplanMengeView.swift */; };
		372521AC269EB02D00734903 /* FoodiesApp.swift in Sources */ = {isa = PBXBuildFile; fileRef = 372521AB269EB02D00734903 /* FoodiesApp.swift */; };
		372521AE269EB02D00734903 /* StartView.swift in Sources */ = {isa = PBXBuildFile; fileRef = 372521AD269EB02D00734903 /* StartView.swift */; };
		372521B0269EB02D00734903 /* Assets.xcassets in Resources */ = {isa = PBXBuildFile; fileRef = 372521AF269EB02D00734903 /* Assets.xcassets */; };
		372521B3269EB02D00734903 /* Preview Assets.xcassets in Resources */ = {isa = PBXBuildFile; fileRef = 372521B2269EB02D00734903 /* Preview Assets.xcassets */; };
		372521BE269EB02E00734903 /* FoodiesTests.swift in Sources */ = {isa = PBXBuildFile; fileRef = 372521BD269EB02E00734903 /* FoodiesTests.swift */; };
		372521C9269EB02E00734903 /* FoodiesUITests.swift in Sources */ = {isa = PBXBuildFile; fileRef = 372521C8269EB02E00734903 /* FoodiesUITests.swift */; };
		372521EA269EB79A00734903 /* BackgroundView.swift in Sources */ = {isa = PBXBuildFile; fileRef = 372521E9269EB79A00734903 /* BackgroundView.swift */; };
		372521F6269EBAE200734903 /* ProgressBar.swift in Sources */ = {isa = PBXBuildFile; fileRef = 372521F5269EBAE200734903 /* ProgressBar.swift */; };
		37252252269EDA4000734903 /* DatabaseModel.xcdatamodeld in Sources */ = {isa = PBXBuildFile; fileRef = 37252250269EDA4000734903 /* DatabaseModel.xcdatamodeld */; };
		372522B6269EE9E100734903 /* TagesberichtView.swift in Sources */ = {isa = PBXBuildFile; fileRef = 372522B5269EE9E100734903 /* TagesberichtView.swift */; };
		372522CD269EECA000734903 /* ErnaehrungsplanView.swift in Sources */ = {isa = PBXBuildFile; fileRef = 372522CC269EECA000734903 /* ErnaehrungsplanView.swift */; };
		372522D2269EEDA600734903 /* ProgressBarExtended.swift in Sources */ = {isa = PBXBuildFile; fileRef = 372522D1269EEDA600734903 /* ProgressBarExtended.swift */; };
		3736D950269F59D5000237C8 /* NewLebensmittelView.swift in Sources */ = {isa = PBXBuildFile; fileRef = 3736D94F269F59D5000237C8 /* NewLebensmittelView.swift */; };
		3736D959269F866C000237C8 /* VerlaufView.swift in Sources */ = {isa = PBXBuildFile; fileRef = 3736D958269F866C000237C8 /* VerlaufView.swift */; };
		375F0ECE269F8BD700B230D9 /* LebensmittelMengeZeitHelper.swift in Sources */ = {isa = PBXBuildFile; fileRef = 375F0ECD269F8BD700B230D9 /* LebensmittelMengeZeitHelper.swift */; };
		375F0ED3269F8F7E00B230D9 /* NewEntryView.swift in Sources */ = {isa = PBXBuildFile; fileRef = 375F0ED2269F8F7E00B230D9 /* NewEntryView.swift */; };
		375F0ED8269F994600B230D9 /* NewBMIView.swift in Sources */ = {isa = PBXBuildFile; fileRef = 375F0ED7269F994600B230D9 /* NewBMIView.swift */; };
		375F0EDD269F9B6C00B230D9 /* BMIHelper.swift in Sources */ = {isa = PBXBuildFile; fileRef = 375F0EDC269F9B6C00B230D9 /* BMIHelper.swift */; };
		37A3EB7D26A0C22800A2CD7F /* DatabaseHelper.swift in Sources */ = {isa = PBXBuildFile; fileRef = 37A3EB7C26A0C22800A2CD7F /* DatabaseHelper.swift */; };
		37A3EB9226A0CE2F00A2CD7F /* LebensmittelRowView.swift in Sources */ = {isa = PBXBuildFile; fileRef = 37A3EB9126A0CE2F00A2CD7F /* LebensmittelRowView.swift */; };
/* End PBXBuildFile section */

/* Begin PBXContainerItemProxy section */
		372521BA269EB02E00734903 /* PBXContainerItemProxy */ = {
			isa = PBXContainerItemProxy;
			containerPortal = 372521A0269EB02D00734903 /* Project object */;
			proxyType = 1;
			remoteGlobalIDString = 372521A7269EB02D00734903;
			remoteInfo = Foodies;
		};
		372521C5269EB02E00734903 /* PBXContainerItemProxy */ = {
			isa = PBXContainerItemProxy;
			containerPortal = 372521A0269EB02D00734903 /* Project object */;
			proxyType = 1;
			remoteGlobalIDString = 372521A7269EB02D00734903;
			remoteInfo = Foodies;
		};
/* End PBXContainerItemProxy section */

/* Begin PBXFileReference section */
		37064CA1269F128E0091F5F7 /* NewErnaehrungsplanView.swift */ = {isa = PBXFileReference; lastKnownFileType = sourcecode.swift; path = NewErnaehrungsplanView.swift; sourceTree = "<group>"; };
		37064CA7269F164A0091F5F7 /* LebensmittelHelper.swift */ = {isa = PBXFileReference; lastKnownFileType = sourcecode.swift; path = LebensmittelHelper.swift; sourceTree = "<group>"; };
		37064CAC269F17B00091F5F7 /* LebensmittelMengeHelper.swift */ = {isa = PBXFileReference; lastKnownFileType = sourcecode.swift; path = LebensmittelMengeHelper.swift; sourceTree = "<group>"; };
		37064CBE269F26430091F5F7 /* NewErnaehrungsplanMengeView.swift */ = {isa = PBXFileReference; lastKnownFileType = sourcecode.swift; path = NewErnaehrungsplanMengeView.swift; sourceTree = "<group>"; };
		372521A8269EB02D00734903 /* Foodies.app */ = {isa = PBXFileReference; explicitFileType = wrapper.application; includeInIndex = 0; path = Foodies.app; sourceTree = BUILT_PRODUCTS_DIR; };
		372521AB269EB02D00734903 /* FoodiesApp.swift */ = {isa = PBXFileReference; lastKnownFileType = sourcecode.swift; path = FoodiesApp.swift; sourceTree = "<group>"; };
		372521AD269EB02D00734903 /* StartView.swift */ = {isa = PBXFileReference; lastKnownFileType = sourcecode.swift; path = StartView.swift; sourceTree = "<group>"; };
		372521AF269EB02D00734903 /* Assets.xcassets */ = {isa = PBXFileReference; lastKnownFileType = folder.assetcatalog; path = Assets.xcassets; sourceTree = "<group>"; };
		372521B2269EB02D00734903 /* Preview Assets.xcassets */ = {isa = PBXFileReference; lastKnownFileType = folder.assetcatalog; path = "Preview Assets.xcassets"; sourceTree = "<group>"; };
		372521B4269EB02D00734903 /* Info.plist */ = {isa = PBXFileReference; lastKnownFileType = text.plist.xml; path = Info.plist; sourceTree = "<group>"; };
		372521B9269EB02E00734903 /* FoodiesTests.xctest */ = {isa = PBXFileReference; explicitFileType = wrapper.cfbundle; includeInIndex = 0; path = FoodiesTests.xctest; sourceTree = BUILT_PRODUCTS_DIR; };
		372521BD269EB02E00734903 /* FoodiesTests.swift */ = {isa = PBXFileReference; lastKnownFileType = sourcecode.swift; path = FoodiesTests.swift; sourceTree = "<group>"; };
		372521BF269EB02E00734903 /* Info.plist */ = {isa = PBXFileReference; lastKnownFileType = text.plist.xml; path = Info.plist; sourceTree = "<group>"; };
		372521C4269EB02E00734903 /* FoodiesUITests.xctest */ = {isa = PBXFileReference; explicitFileType = wrapper.cfbundle; includeInIndex = 0; path = FoodiesUITests.xctest; sourceTree = BUILT_PRODUCTS_DIR; };
		372521C8269EB02E00734903 /* FoodiesUITests.swift */ = {isa = PBXFileReference; lastKnownFileType = sourcecode.swift; path = FoodiesUITests.swift; sourceTree = "<group>"; };
		372521CA269EB02E00734903 /* Info.plist */ = {isa = PBXFileReference; lastKnownFileType = text.plist.xml; path = Info.plist; sourceTree = "<group>"; };
		372521E9269EB79A00734903 /* BackgroundView.swift */ = {isa = PBXFileReference; lastKnownFileType = sourcecode.swift; path = BackgroundView.swift; sourceTree = "<group>"; };
		372521F5269EBAE200734903 /* ProgressBar.swift */ = {isa = PBXFileReference; lastKnownFileType = sourcecode.swift; path = ProgressBar.swift; sourceTree = "<group>"; };
		37252251269EDA4000734903 /* DatabaseModel.xcdatamodel */ = {isa = PBXFileReference; lastKnownFileType = wrapper.xcdatamodel; path = DatabaseModel.xcdatamodel; sourceTree = "<group>"; };
		372522B5269EE9E100734903 /* TagesberichtView.swift */ = {isa = PBXFileReference; lastKnownFileType = sourcecode.swift; path = TagesberichtView.swift; sourceTree = "<group>"; };
		372522CC269EECA000734903 /* ErnaehrungsplanView.swift */ = {isa = PBXFileReference; lastKnownFileType = sourcecode.swift; path = ErnaehrungsplanView.swift; sourceTree = "<group>"; };
		372522D1269EEDA600734903 /* ProgressBarExtended.swift */ = {isa = PBXFileReference; lastKnownFileType = sourcecode.swift; path = ProgressBarExtended.swift; sourceTree = "<group>"; };
		3736D94F269F59D5000237C8 /* NewLebensmittelView.swift */ = {isa = PBXFileReference; lastKnownFileType = sourcecode.swift; path = NewLebensmittelView.swift; sourceTree = "<group>"; };
		3736D958269F866C000237C8 /* VerlaufView.swift */ = {isa = PBXFileReference; lastKnownFileType = sourcecode.swift; path = VerlaufView.swift; sourceTree = "<group>"; };
		375F0ECD269F8BD700B230D9 /* LebensmittelMengeZeitHelper.swift */ = {isa = PBXFileReference; lastKnownFileType = sourcecode.swift; path = LebensmittelMengeZeitHelper.swift; sourceTree = "<group>"; };
		375F0ED2269F8F7E00B230D9 /* NewEntryView.swift */ = {isa = PBXFileReference; lastKnownFileType = sourcecode.swift; path = NewEntryView.swift; sourceTree = "<group>"; };
		375F0ED7269F994600B230D9 /* NewBMIView.swift */ = {isa = PBXFileReference; lastKnownFileType = sourcecode.swift; path = NewBMIView.swift; sourceTree = "<group>"; };
		375F0EDC269F9B6C00B230D9 /* BMIHelper.swift */ = {isa = PBXFileReference; lastKnownFileType = sourcecode.swift; path = BMIHelper.swift; sourceTree = "<group>"; };
		37A3EB7C26A0C22800A2CD7F /* DatabaseHelper.swift */ = {isa = PBXFileReference; lastKnownFileType = sourcecode.swift; path = DatabaseHelper.swift; sourceTree = "<group>"; };
		37A3EB9126A0CE2F00A2CD7F /* LebensmittelRowView.swift */ = {isa = PBXFileReference; lastKnownFileType = sourcecode.swift; path = LebensmittelRowView.swift; sourceTree = "<group>"; };
/* End PBXFileReference section */

/* Begin PBXFrameworksBuildPhase section */
		372521A5269EB02D00734903 /* Frameworks */ = {
			isa = PBXFrameworksBuildPhase;
			buildActionMask = 2147483647;
			files = (
			);
			runOnlyForDeploymentPostprocessing = 0;
		};
		372521B6269EB02E00734903 /* Frameworks */ = {
			isa = PBXFrameworksBuildPhase;
			buildActionMask = 2147483647;
			files = (
			);
			runOnlyForDeploymentPostprocessing = 0;
		};
		372521C1269EB02E00734903 /* Frameworks */ = {
			isa = PBXFrameworksBuildPhase;
			buildActionMask = 2147483647;
			files = (
			);
			runOnlyForDeploymentPostprocessing = 0;
		};
/* End PBXFrameworksBuildPhase section */

/* Begin PBXGroup section */
		3725219F269EB02D00734903 = {
			isa = PBXGroup;
			children = (
				372521AA269EB02D00734903 /* Foodies */,
				372521BC269EB02E00734903 /* FoodiesTests */,
				372521C7269EB02E00734903 /* FoodiesUITests */,
				372521A9269EB02D00734903 /* Products */,
			);
			sourceTree = "<group>";
		};
		372521A9269EB02D00734903 /* Products */ = {
			isa = PBXGroup;
			children = (
				372521A8269EB02D00734903 /* Foodies.app */,
				372521B9269EB02E00734903 /* FoodiesTests.xctest */,
				372521C4269EB02E00734903 /* FoodiesUITests.xctest */,
			);
			name = Products;
			sourceTree = "<group>";
		};
		372521AA269EB02D00734903 /* Foodies */ = {
			isa = PBXGroup;
			children = (
				3736D954269F852C000237C8 /* MainPages */,
				372522C0269EEA3900734903 /* HelpViews */,
				372522B4269EE9D200734903 /* Pages */,
				3725222E269ED67300734903 /* Database */,
				372521AB269EB02D00734903 /* FoodiesApp.swift */,
				372521AF269EB02D00734903 /* Assets.xcassets */,
				372521B4269EB02D00734903 /* Info.plist */,
				372521B1269EB02D00734903 /* Preview Content */,
			);
			path = Foodies;
			sourceTree = "<group>";
		};
		372521B1269EB02D00734903 /* Preview Content */ = {
			isa = PBXGroup;
			children = (
				372521B2269EB02D00734903 /* Preview Assets.xcassets */,
			);
			path = "Preview Content";
			sourceTree = "<group>";
		};
		372521BC269EB02E00734903 /* FoodiesTests */ = {
			isa = PBXGroup;
			children = (
				372521BD269EB02E00734903 /* FoodiesTests.swift */,
				372521BF269EB02E00734903 /* Info.plist */,
			);
			path = FoodiesTests;
			sourceTree = "<group>";
		};
		372521C7269EB02E00734903 /* FoodiesUITests */ = {
			isa = PBXGroup;
			children = (
				372521C8269EB02E00734903 /* FoodiesUITests.swift */,
				372521CA269EB02E00734903 /* Info.plist */,
			);
			path = FoodiesUITests;
			sourceTree = "<group>";
		};
		3725222E269ED67300734903 /* Database */ = {
			isa = PBXGroup;
			children = (
				37A3EB9626A0D41700A2CD7F /* DatabaseHelper */,
				37A3EB7C26A0C22800A2CD7F /* DatabaseHelper.swift */,
				37252250269EDA4000734903 /* DatabaseModel.xcdatamodeld */,
			);
			path = Database;
			sourceTree = "<group>";
		};
		372522B4269EE9D200734903 /* Pages */ = {
			isa = PBXGroup;
			children = (
				37064CA1269F128E0091F5F7 /* NewErnaehrungsplanView.swift */,
				37064CBE269F26430091F5F7 /* NewErnaehrungsplanMengeView.swift */,
				3736D94F269F59D5000237C8 /* NewLebensmittelView.swift */,
				375F0ED2269F8F7E00B230D9 /* NewEntryView.swift */,
				375F0ED7269F994600B230D9 /* NewBMIView.swift */,
			);
			path = Pages;
			sourceTree = "<group>";
		};
		372522C0269EEA3900734903 /* HelpViews */ = {
			isa = PBXGroup;
			children = (
				372521E9269EB79A00734903 /* BackgroundView.swift */,
				372521F5269EBAE200734903 /* ProgressBar.swift */,
				372522D1269EEDA600734903 /* ProgressBarExtended.swift */,
				37A3EB9126A0CE2F00A2CD7F /* LebensmittelRowView.swift */,
			);
			path = HelpViews;
			sourceTree = "<group>";
		};
		3736D954269F852C000237C8 /* MainPages */ = {
			isa = PBXGroup;
			children = (
				372521AD269EB02D00734903 /* StartView.swift */,
				372522CC269EECA000734903 /* ErnaehrungsplanView.swift */,
				372522B5269EE9E100734903 /* TagesberichtView.swift */,
				3736D958269F866C000237C8 /* VerlaufView.swift */,
			);
			path = MainPages;
			sourceTree = "<group>";
		};
		37A3EB9626A0D41700A2CD7F /* DatabaseHelper */ = {
			isa = PBXGroup;
			children = (
				37064CA7269F164A0091F5F7 /* LebensmittelHelper.swift */,
				37064CAC269F17B00091F5F7 /* LebensmittelMengeHelper.swift */,
				375F0ECD269F8BD700B230D9 /* LebensmittelMengeZeitHelper.swift */,
				375F0EDC269F9B6C00B230D9 /* BMIHelper.swift */,
			);
			path = DatabaseHelper;
			sourceTree = "<group>";
		};
/* End PBXGroup section */

/* Begin PBXNativeTarget section */
		372521A7269EB02D00734903 /* Foodies */ = {
			isa = PBXNativeTarget;
			buildConfigurationList = 372521CD269EB02E00734903 /* Build configuration list for PBXNativeTarget "Foodies" */;
			buildPhases = (
				372521A4269EB02D00734903 /* Sources */,
				372521A5269EB02D00734903 /* Frameworks */,
				372521A6269EB02D00734903 /* Resources */,
			);
			buildRules = (
			);
			dependencies = (
			);
			name = Foodies;
			productName = Foodies;
			productReference = 372521A8269EB02D00734903 /* Foodies.app */;
			productType = "com.apple.product-type.application";
		};
		372521B8269EB02E00734903 /* FoodiesTests */ = {
			isa = PBXNativeTarget;
			buildConfigurationList = 372521D0269EB02E00734903 /* Build configuration list for PBXNativeTarget "FoodiesTests" */;
			buildPhases = (
				372521B5269EB02E00734903 /* Sources */,
				372521B6269EB02E00734903 /* Frameworks */,
				372521B7269EB02E00734903 /* Resources */,
			);
			buildRules = (
			);
			dependencies = (
				372521BB269EB02E00734903 /* PBXTargetDependency */,
			);
			name = FoodiesTests;
			productName = FoodiesTests;
			productReference = 372521B9269EB02E00734903 /* FoodiesTests.xctest */;
			productType = "com.apple.product-type.bundle.unit-test";
		};
		372521C3269EB02E00734903 /* FoodiesUITests */ = {
			isa = PBXNativeTarget;
			buildConfigurationList = 372521D3269EB02E00734903 /* Build configuration list for PBXNativeTarget "FoodiesUITests" */;
			buildPhases = (
				372521C0269EB02E00734903 /* Sources */,
				372521C1269EB02E00734903 /* Frameworks */,
				372521C2269EB02E00734903 /* Resources */,
			);
			buildRules = (
			);
			dependencies = (
				372521C6269EB02E00734903 /* PBXTargetDependency */,
			);
			name = FoodiesUITests;
			productName = FoodiesUITests;
			productReference = 372521C4269EB02E00734903 /* FoodiesUITests.xctest */;
			productType = "com.apple.product-type.bundle.ui-testing";
		};
/* End PBXNativeTarget section */

/* Begin PBXProject section */
		372521A0269EB02D00734903 /* Project object */ = {
			isa = PBXProject;
			attributes = {
				LastSwiftUpdateCheck = 1240;
				LastUpgradeCheck = 1240;
				TargetAttributes = {
					372521A7269EB02D00734903 = {
						CreatedOnToolsVersion = 12.4;
					};
					372521B8269EB02E00734903 = {
						CreatedOnToolsVersion = 12.4;
						TestTargetID = 372521A7269EB02D00734903;
					};
					372521C3269EB02E00734903 = {
						CreatedOnToolsVersion = 12.4;
						TestTargetID = 372521A7269EB02D00734903;
					};
				};
			};
			buildConfigurationList = 372521A3269EB02D00734903 /* Build configuration list for PBXProject "Foodies" */;
			compatibilityVersion = "Xcode 9.3";
			developmentRegion = en;
			hasScannedForEncodings = 0;
			knownRegions = (
				en,
				Base,
			);
			mainGroup = 3725219F269EB02D00734903;
			productRefGroup = 372521A9269EB02D00734903 /* Products */;
			projectDirPath = "";
			projectRoot = "";
			targets = (
				372521A7269EB02D00734903 /* Foodies */,
				372521B8269EB02E00734903 /* FoodiesTests */,
				372521C3269EB02E00734903 /* FoodiesUITests */,
			);
		};
/* End PBXProject section */

/* Begin PBXResourcesBuildPhase section */
		372521A6269EB02D00734903 /* Resources */ = {
			isa = PBXResourcesBuildPhase;
			buildActionMask = 2147483647;
			files = (
				372521B3269EB02D00734903 /* Preview Assets.xcassets in Resources */,
				372521B0269EB02D00734903 /* Assets.xcassets in Resources */,
			);
			runOnlyForDeploymentPostprocessing = 0;
		};
		372521B7269EB02E00734903 /* Resources */ = {
			isa = PBXResourcesBuildPhase;
			buildActionMask = 2147483647;
			files = (
			);
			runOnlyForDeploymentPostprocessing = 0;
		};
		372521C2269EB02E00734903 /* Resources */ = {
			isa = PBXResourcesBuildPhase;
			buildActionMask = 2147483647;
			files = (
			);
			runOnlyForDeploymentPostprocessing = 0;
		};
/* End PBXResourcesBuildPhase section */

/* Begin PBXSourcesBuildPhase section */
		372521A4269EB02D00734903 /* Sources */ = {
			isa = PBXSourcesBuildPhase;
			buildActionMask = 2147483647;
			files = (
				375F0ED3269F8F7E00B230D9 /* NewEntryView.swift in Sources */,
				372522B6269EE9E100734903 /* TagesberichtView.swift in Sources */,
				372521EA269EB79A00734903 /* BackgroundView.swift in Sources */,
				375F0ED8269F994600B230D9 /* NewBMIView.swift in Sources */,
				37064CA2269F128E0091F5F7 /* NewErnaehrungsplanView.swift in Sources */,
				372521AE269EB02D00734903 /* StartView.swift in Sources */,
				3736D950269F59D5000237C8 /* NewLebensmittelView.swift in Sources */,
				37A3EB9226A0CE2F00A2CD7F /* LebensmittelRowView.swift in Sources */,
				375F0ECE269F8BD700B230D9 /* LebensmittelMengeZeitHelper.swift in Sources */,
				37064CA8269F164A0091F5F7 /* LebensmittelHelper.swift in Sources */,
				372522CD269EECA000734903 /* ErnaehrungsplanView.swift in Sources */,
				372522D2269EEDA600734903 /* ProgressBarExtended.swift in Sources */,
				37064CAD269F17B00091F5F7 /* LebensmittelMengeHelper.swift in Sources */,
				372521F6269EBAE200734903 /* ProgressBar.swift in Sources */,
				3736D959269F866C000237C8 /* VerlaufView.swift in Sources */,
				372521AC269EB02D00734903 /* FoodiesApp.swift in Sources */,
				37A3EB7D26A0C22800A2CD7F /* DatabaseHelper.swift in Sources */,
				37064CBF269F26430091F5F7 /* NewErnaehrungsplanMengeView.swift in Sources */,
				375F0EDD269F9B6C00B230D9 /* BMIHelper.swift in Sources */,
				37252252269EDA4000734903 /* DatabaseModel.xcdatamodeld in Sources */,
			);
			runOnlyForDeploymentPostprocessing = 0;
		};
		372521B5269EB02E00734903 /* Sources */ = {
			isa = PBXSourcesBuildPhase;
			buildActionMask = 2147483647;
			files = (
				372521BE269EB02E00734903 /* FoodiesTests.swift in Sources */,
			);
			runOnlyForDeploymentPostprocessing = 0;
		};
		372521C0269EB02E00734903 /* Sources */ = {
			isa = PBXSourcesBuildPhase;
			buildActionMask = 2147483647;
			files = (
				372521C9269EB02E00734903 /* FoodiesUITests.swift in Sources */,
			);
			runOnlyForDeploymentPostprocessing = 0;
		};
/* End PBXSourcesBuildPhase section */

/* Begin PBXTargetDependency section */
		372521BB269EB02E00734903 /* PBXTargetDependency */ = {
			isa = PBXTargetDependency;
			target = 372521A7269EB02D00734903 /* Foodies */;
			targetProxy = 372521BA269EB02E00734903 /* PBXContainerItemProxy */;
		};
		372521C6269EB02E00734903 /* PBXTargetDependency */ = {
			isa = PBXTargetDependency;
			target = 372521A7269EB02D00734903 /* Foodies */;
			targetProxy = 372521C5269EB02E00734903 /* PBXContainerItemProxy */;
		};
/* End PBXTargetDependency section */

/* Begin XCBuildConfiguration section */
		372521CB269EB02E00734903 /* Debug */ = {
			isa = XCBuildConfiguration;
			buildSettings = {
				ALWAYS_SEARCH_USER_PATHS = NO;
				CLANG_ANALYZER_NONNULL = YES;
				CLANG_ANALYZER_NUMBER_OBJECT_CONVERSION = YES_AGGRESSIVE;
				CLANG_CXX_LANGUAGE_STANDARD = "gnu++14";
				CLANG_CXX_LIBRARY = "libc++";
				CLANG_ENABLE_MODULES = YES;
				CLANG_ENABLE_OBJC_ARC = YES;
				CLANG_ENABLE_OBJC_WEAK = YES;
				CLANG_WARN_BLOCK_CAPTURE_AUTORELEASING = YES;
				CLANG_WARN_BOOL_CONVERSION = YES;
				CLANG_WARN_COMMA = YES;
				CLANG_WARN_CONSTANT_CONVERSION = YES;
				CLANG_WARN_DEPRECATED_OBJC_IMPLEMENTATIONS = YES;
				CLANG_WARN_DIRECT_OBJC_ISA_USAGE = YES_ERROR;
				CLANG_WARN_DOCUMENTATION_COMMENTS = YES;
				CLANG_WARN_EMPTY_BODY = YES;
				CLANG_WARN_ENUM_CONVERSION = YES;
				CLANG_WARN_INFINITE_RECURSION = YES;
				CLANG_WARN_INT_CONVERSION = YES;
				CLANG_WARN_NON_LITERAL_NULL_CONVERSION = YES;
				CLANG_WARN_OBJC_IMPLICIT_RETAIN_SELF = YES;
				CLANG_WARN_OBJC_LITERAL_CONVERSION = YES;
				CLANG_WARN_OBJC_ROOT_CLASS = YES_ERROR;
				CLANG_WARN_QUOTED_INCLUDE_IN_FRAMEWORK_HEADER = YES;
				CLANG_WARN_RANGE_LOOP_ANALYSIS = YES;
				CLANG_WARN_STRICT_PROTOTYPES = YES;
				CLANG_WARN_SUSPICIOUS_MOVE = YES;
				CLANG_WARN_UNGUARDED_AVAILABILITY = YES_AGGRESSIVE;
				CLANG_WARN_UNREACHABLE_CODE = YES;
				CLANG_WARN__DUPLICATE_METHOD_MATCH = YES;
				COPY_PHASE_STRIP = NO;
				DEBUG_INFORMATION_FORMAT = dwarf;
				ENABLE_STRICT_OBJC_MSGSEND = YES;
				ENABLE_TESTABILITY = YES;
				GCC_C_LANGUAGE_STANDARD = gnu11;
				GCC_DYNAMIC_NO_PIC = NO;
				GCC_NO_COMMON_BLOCKS = YES;
				GCC_OPTIMIZATION_LEVEL = 0;
				GCC_PREPROCESSOR_DEFINITIONS = (
					"DEBUG=1",
					"$(inherited)",
				);
				GCC_WARN_64_TO_32_BIT_CONVERSION = YES;
				GCC_WARN_ABOUT_RETURN_TYPE = YES_ERROR;
				GCC_WARN_UNDECLARED_SELECTOR = YES;
				GCC_WARN_UNINITIALIZED_AUTOS = YES_AGGRESSIVE;
				GCC_WARN_UNUSED_FUNCTION = YES;
				GCC_WARN_UNUSED_VARIABLE = YES;
				IPHONEOS_DEPLOYMENT_TARGET = 14.4;
				MTL_ENABLE_DEBUG_INFO = INCLUDE_SOURCE;
				MTL_FAST_MATH = YES;
				ONLY_ACTIVE_ARCH = YES;
				SDKROOT = iphoneos;
				SWIFT_ACTIVE_COMPILATION_CONDITIONS = DEBUG;
				SWIFT_OPTIMIZATION_LEVEL = "-Onone";
			};
			name = Debug;
		};
		372521CC269EB02E00734903 /* Release */ = {
			isa = XCBuildConfiguration;
			buildSettings = {
				ALWAYS_SEARCH_USER_PATHS = NO;
				CLANG_ANALYZER_NONNULL = YES;
				CLANG_ANALYZER_NUMBER_OBJECT_CONVERSION = YES_AGGRESSIVE;
				CLANG_CXX_LANGUAGE_STANDARD = "gnu++14";
				CLANG_CXX_LIBRARY = "libc++";
				CLANG_ENABLE_MODULES = YES;
				CLANG_ENABLE_OBJC_ARC = YES;
				CLANG_ENABLE_OBJC_WEAK = YES;
				CLANG_WARN_BLOCK_CAPTURE_AUTORELEASING = YES;
				CLANG_WARN_BOOL_CONVERSION = YES;
				CLANG_WARN_COMMA = YES;
				CLANG_WARN_CONSTANT_CONVERSION = YES;
				CLANG_WARN_DEPRECATED_OBJC_IMPLEMENTATIONS = YES;
				CLANG_WARN_DIRECT_OBJC_ISA_USAGE = YES_ERROR;
				CLANG_WARN_DOCUMENTATION_COMMENTS = YES;
				CLANG_WARN_EMPTY_BODY = YES;
				CLANG_WARN_ENUM_CONVERSION = YES;
				CLANG_WARN_INFINITE_RECURSION = YES;
				CLANG_WARN_INT_CONVERSION = YES;
				CLANG_WARN_NON_LITERAL_NULL_CONVERSION = YES;
				CLANG_WARN_OBJC_IMPLICIT_RETAIN_SELF = YES;
				CLANG_WARN_OBJC_LITERAL_CONVERSION = YES;
				CLANG_WARN_OBJC_ROOT_CLASS = YES_ERROR;
				CLANG_WARN_QUOTED_INCLUDE_IN_FRAMEWORK_HEADER = YES;
				CLANG_WARN_RANGE_LOOP_ANALYSIS = YES;
				CLANG_WARN_STRICT_PROTOTYPES = YES;
				CLANG_WARN_SUSPICIOUS_MOVE = YES;
				CLANG_WARN_UNGUARDED_AVAILABILITY = YES_AGGRESSIVE;
				CLANG_WARN_UNREACHABLE_CODE = YES;
				CLANG_WARN__DUPLICATE_METHOD_MATCH = YES;
				COPY_PHASE_STRIP = NO;
				DEBUG_INFORMATION_FORMAT = "dwarf-with-dsym";
				ENABLE_NS_ASSERTIONS = NO;
				ENABLE_STRICT_OBJC_MSGSEND = YES;
				GCC_C_LANGUAGE_STANDARD = gnu11;
				GCC_NO_COMMON_BLOCKS = YES;
				GCC_WARN_64_TO_32_BIT_CONVERSION = YES;
				GCC_WARN_ABOUT_RETURN_TYPE = YES_ERROR;
				GCC_WARN_UNDECLARED_SELECTOR = YES;
				GCC_WARN_UNINITIALIZED_AUTOS = YES_AGGRESSIVE;
				GCC_WARN_UNUSED_FUNCTION = YES;
				GCC_WARN_UNUSED_VARIABLE = YES;
				IPHONEOS_DEPLOYMENT_TARGET = 14.4;
				MTL_ENABLE_DEBUG_INFO = NO;
				MTL_FAST_MATH = YES;
				SDKROOT = iphoneos;
				SWIFT_COMPILATION_MODE = wholemodule;
				SWIFT_OPTIMIZATION_LEVEL = "-O";
				VALIDATE_PRODUCT = YES;
			};
			name = Release;
		};
		372521CE269EB02E00734903 /* Debug */ = {
			isa = XCBuildConfiguration;
			buildSettings = {
				ASSETCATALOG_COMPILER_APPICON_NAME = AppIcon;
				ASSETCATALOG_COMPILER_GLOBAL_ACCENT_COLOR_NAME = AccentColor;
				CODE_SIGN_STYLE = Automatic;
				DEVELOPMENT_ASSET_PATHS = "\"Foodies/Preview Content\"";
				ENABLE_PREVIEWS = YES;
				INFOPLIST_FILE = Foodies/Info.plist;
				IPHONEOS_DEPLOYMENT_TARGET = 14.0;
				LD_RUNPATH_SEARCH_PATHS = (
					"$(inherited)",
					"@executable_path/Frameworks",
				);
				PRODUCT_BUNDLE_IDENTIFIER = de.maegruppe14b.Foodies;
				PRODUCT_NAME = "$(TARGET_NAME)";
				SWIFT_VERSION = 5.0;
				TARGETED_DEVICE_FAMILY = "1,2";
			};
			name = Debug;
		};
		372521CF269EB02E00734903 /* Release */ = {
			isa = XCBuildConfiguration;
			buildSettings = {
				ASSETCATALOG_COMPILER_APPICON_NAME = AppIcon;
				ASSETCATALOG_COMPILER_GLOBAL_ACCENT_COLOR_NAME = AccentColor;
				CODE_SIGN_STYLE = Automatic;
				DEVELOPMENT_ASSET_PATHS = "\"Foodies/Preview Content\"";
				ENABLE_PREVIEWS = YES;
				INFOPLIST_FILE = Foodies/Info.plist;
				IPHONEOS_DEPLOYMENT_TARGET = 14.0;
				LD_RUNPATH_SEARCH_PATHS = (
					"$(inherited)",
					"@executable_path/Frameworks",
				);
				PRODUCT_BUNDLE_IDENTIFIER = de.maegruppe14b.Foodies;
				PRODUCT_NAME = "$(TARGET_NAME)";
				SWIFT_VERSION = 5.0;
				TARGETED_DEVICE_FAMILY = "1,2";
			};
			name = Release;
		};
		372521D1269EB02E00734903 /* Debug */ = {
			isa = XCBuildConfiguration;
			buildSettings = {
				ALWAYS_EMBED_SWIFT_STANDARD_LIBRARIES = YES;
				BUNDLE_LOADER = "$(TEST_HOST)";
				CODE_SIGN_STYLE = Automatic;
				INFOPLIST_FILE = FoodiesTests/Info.plist;
				IPHONEOS_DEPLOYMENT_TARGET = 14.0;
				LD_RUNPATH_SEARCH_PATHS = (
					"$(inherited)",
					"@executable_path/Frameworks",
					"@loader_path/Frameworks",
				);
				PRODUCT_BUNDLE_IDENTIFIER = de.maegruppe14b.FoodiesTests;
				PRODUCT_NAME = "$(TARGET_NAME)";
				SWIFT_VERSION = 5.0;
				TARGETED_DEVICE_FAMILY = "1,2";
				TEST_HOST = "$(BUILT_PRODUCTS_DIR)/Foodies.app/Foodies";
			};
			name = Debug;
		};
		372521D2269EB02E00734903 /* Release */ = {
			isa = XCBuildConfiguration;
			buildSettings = {
				ALWAYS_EMBED_SWIFT_STANDARD_LIBRARIES = YES;
				BUNDLE_LOADER = "$(TEST_HOST)";
				CODE_SIGN_STYLE = Automatic;
				INFOPLIST_FILE = FoodiesTests/Info.plist;
				IPHONEOS_DEPLOYMENT_TARGET = 14.0;
				LD_RUNPATH_SEARCH_PATHS = (
					"$(inherited)",
					"@executable_path/Frameworks",
					"@loader_path/Frameworks",
				);
				PRODUCT_BUNDLE_IDENTIFIER = de.maegruppe14b.FoodiesTests;
				PRODUCT_NAME = "$(TARGET_NAME)";
				SWIFT_VERSION = 5.0;
				TARGETED_DEVICE_FAMILY = "1,2";
				TEST_HOST = "$(BUILT_PRODUCTS_DIR)/Foodies.app/Foodies";
			};
			name = Release;
		};
		372521D4269EB02E00734903 /* Debug */ = {
			isa = XCBuildConfiguration;
			buildSettings = {
				ALWAYS_EMBED_SWIFT_STANDARD_LIBRARIES = YES;
				CODE_SIGN_STYLE = Automatic;
				INFOPLIST_FILE = FoodiesUITests/Info.plist;
				LD_RUNPATH_SEARCH_PATHS = (
					"$(inherited)",
					"@executable_path/Frameworks",
					"@loader_path/Frameworks",
				);
				PRODUCT_BUNDLE_IDENTIFIER = de.maegruppe14b.FoodiesUITests;
				PRODUCT_NAME = "$(TARGET_NAME)";
				SWIFT_VERSION = 5.0;
				TARGETED_DEVICE_FAMILY = "1,2";
				TEST_TARGET_NAME = Foodies;
			};
			name = Debug;
		};
		372521D5269EB02E00734903 /* Release */ = {
			isa = XCBuildConfiguration;
			buildSettings = {
				ALWAYS_EMBED_SWIFT_STANDARD_LIBRARIES = YES;
				CODE_SIGN_STYLE = Automatic;
				INFOPLIST_FILE = FoodiesUITests/Info.plist;
				LD_RUNPATH_SEARCH_PATHS = (
					"$(inherited)",
					"@executable_path/Frameworks",
					"@loader_path/Frameworks",
				);
				PRODUCT_BUNDLE_IDENTIFIER = de.maegruppe14b.FoodiesUITests;
				PRODUCT_NAME = "$(TARGET_NAME)";
				SWIFT_VERSION = 5.0;
				TARGETED_DEVICE_FAMILY = "1,2";
				TEST_TARGET_NAME = Foodies;
			};
			name = Release;
		};
/* End XCBuildConfiguration section */

/* Begin XCConfigurationList section */
		372521A3269EB02D00734903 /* Build configuration list for PBXProject "Foodies" */ = {
			isa = XCConfigurationList;
			buildConfigurations = (
				372521CB269EB02E00734903 /* Debug */,
				372521CC269EB02E00734903 /* Release */,
			);
			defaultConfigurationIsVisible = 0;
			defaultConfigurationName = Release;
		};
		372521CD269EB02E00734903 /* Build configuration list for PBXNativeTarget "Foodies" */ = {
			isa = XCConfigurationList;
			buildConfigurations = (
				372521CE269EB02E00734903 /* Debug */,
				372521CF269EB02E00734903 /* Release */,
			);
			defaultConfigurationIsVisible = 0;
			defaultConfigurationName = Release;
		};
		372521D0269EB02E00734903 /* Build configuration list for PBXNativeTarget "FoodiesTests" */ = {
			isa = XCConfigurationList;
			buildConfigurations = (
				372521D1269EB02E00734903 /* Debug */,
				372521D2269EB02E00734903 /* Release */,
			);
			defaultConfigurationIsVisible = 0;
			defaultConfigurationName = Release;
		};
		372521D3269EB02E00734903 /* Build configuration list for PBXNativeTarget "FoodiesUITests" */ = {
			isa = XCConfigurationList;
			buildConfigurations = (
				372521D4269EB02E00734903 /* Debug */,
				372521D5269EB02E00734903 /* Release */,
			);
			defaultConfigurationIsVisible = 0;
			defaultConfigurationName = Release;
		};
/* End XCConfigurationList section */

/* Begin XCVersionGroup section */
		37252250269EDA4000734903 /* DatabaseModel.xcdatamodeld */ = {
			isa = XCVersionGroup;
			children = (
				37252251269EDA4000734903 /* DatabaseModel.xcdatamodel */,
			);
			currentVersion = 37252251269EDA4000734903 /* DatabaseModel.xcdatamodel */;
			path = DatabaseModel.xcdatamodeld;
			sourceTree = "<group>";
			versionGroupType = wrapper.xcdatamodel;
		};
/* End XCVersionGroup section */
	};
	rootObject = 372521A0269EB02D00734903 /* Project object */;
}
